// !$*UTF8*$!
{
	archiveVersion = 1;
	classes = {
	};
	objectVersion = 55;
	objects = {

/* Begin PBXBuildFile section */
		56740EA528236CCE000FD76D /* MatchTableViewCell.swift in Sources */ = {isa = PBXBuildFile; fileRef = 56740EA328236CCE000FD76D /* MatchTableViewCell.swift */; };
		56740EA628236CCE000FD76D /* MatchTableViewCell.xib in Resources */ = {isa = PBXBuildFile; fileRef = 56740EA428236CCE000FD76D /* MatchTableViewCell.xib */; };
		56740EA928237D8D000FD76D /* Database.swift in Sources */ = {isa = PBXBuildFile; fileRef = 56740EA828237D8D000FD76D /* Database.swift */; };
		56740EAB282383CC000FD76D /* data.json in Resources */ = {isa = PBXBuildFile; fileRef = 56740EAA282383CC000FD76D /* data.json */; };
		5682F177281B575A00ACD35B /* NavigationController.swift in Sources */ = {isa = PBXBuildFile; fileRef = 5682F176281B575A00ACD35B /* NavigationController.swift */; };
		5682F17E281B5D3500ACD35B /* Team.swift in Sources */ = {isa = PBXBuildFile; fileRef = 5682F17D281B5D3500ACD35B /* Team.swift */; };
		5682F180281B5E3600ACD35B /* Match.swift in Sources */ = {isa = PBXBuildFile; fileRef = 5682F17F281B5E3600ACD35B /* Match.swift */; };
		568DC4162829E37D00D1AB9A /* Navigation.swift in Sources */ = {isa = PBXBuildFile; fileRef = 568DC4152829E37D00D1AB9A /* Navigation.swift */; };
		568FD241281A252100DE3E55 /* AppDelegate.swift in Sources */ = {isa = PBXBuildFile; fileRef = 568FD240281A252100DE3E55 /* AppDelegate.swift */; };
		568FD243281A252100DE3E55 /* SceneDelegate.swift in Sources */ = {isa = PBXBuildFile; fileRef = 568FD242281A252100DE3E55 /* SceneDelegate.swift */; };
		568FD245281A252100DE3E55 /* MainViewController.swift in Sources */ = {isa = PBXBuildFile; fileRef = 568FD244281A252100DE3E55 /* MainViewController.swift */; };
		568FD248281A252100DE3E55 /* Main.storyboard in Resources */ = {isa = PBXBuildFile; fileRef = 568FD246281A252100DE3E55 /* Main.storyboard */; };
		568FD24A281A252300DE3E55 /* Assets.xcassets in Resources */ = {isa = PBXBuildFile; fileRef = 568FD249281A252300DE3E55 /* Assets.xcassets */; };
		568FD24D281A252300DE3E55 /* LaunchScreen.storyboard in Resources */ = {isa = PBXBuildFile; fileRef = 568FD24B281A252300DE3E55 /* LaunchScreen.storyboard */; };
		56AC84A12824A40B00A43121 /* MatchDetailsViewController.swift in Sources */ = {isa = PBXBuildFile; fileRef = 56AC84A02824A40B00A43121 /* MatchDetailsViewController.swift */; };
		56EB813F28271BB2009BCC5A /* MatchLogTableViewCell.swift in Sources */ = {isa = PBXBuildFile; fileRef = 56EB813D28271BB2009BCC5A /* MatchLogTableViewCell.swift */; };
		56EB814028271BB2009BCC5A /* MatchLogTableViewCell.xib in Resources */ = {isa = PBXBuildFile; fileRef = 56EB813E28271BB2009BCC5A /* MatchLogTableViewCell.xib */; };
		56EB814228272A86009BCC5A /* NavigationBar.swift in Sources */ = {isa = PBXBuildFile; fileRef = 56EB814128272A86009BCC5A /* NavigationBar.swift */; };
		56EB814428273325009BCC5A /* Visual.swift in Sources */ = {isa = PBXBuildFile; fileRef = 56EB814328273325009BCC5A /* Visual.swift */; };
		56EB814B282876DD009BCC5A /* CarouselCollectionViewCell.swift in Sources */ = {isa = PBXBuildFile; fileRef = 56EB8149282876DD009BCC5A /* CarouselCollectionViewCell.swift */; };
		56EB814C282876DD009BCC5A /* CarouselCollectionViewCell.xib in Resources */ = {isa = PBXBuildFile; fileRef = 56EB814A282876DD009BCC5A /* CarouselCollectionViewCell.xib */; };
		56EB814E28287A46009BCC5A /* CarouselCollectionView.swift in Sources */ = {isa = PBXBuildFile; fileRef = 56EB814D28287A46009BCC5A /* CarouselCollectionView.swift */; };
		56EB81502828848F009BCC5A /* LoginViewController.swift in Sources */ = {isa = PBXBuildFile; fileRef = 56EB814F2828848F009BCC5A /* LoginViewController.swift */; };
		56EB81522828849B009BCC5A /* SignupViewController.swift in Sources */ = {isa = PBXBuildFile; fileRef = 56EB81512828849B009BCC5A /* SignupViewController.swift */; };
/* End PBXBuildFile section */

/* Begin PBXFileReference section */
		56740EA328236CCE000FD76D /* MatchTableViewCell.swift */ = {isa = PBXFileReference; lastKnownFileType = sourcecode.swift; path = MatchTableViewCell.swift; sourceTree = "<group>"; };
		56740EA428236CCE000FD76D /* MatchTableViewCell.xib */ = {isa = PBXFileReference; lastKnownFileType = file.xib; path = MatchTableViewCell.xib; sourceTree = "<group>"; };
		56740EA828237D8D000FD76D /* Database.swift */ = {isa = PBXFileReference; lastKnownFileType = sourcecode.swift; path = Database.swift; sourceTree = "<group>"; };
		56740EAA282383CC000FD76D /* data.json */ = {isa = PBXFileReference; fileEncoding = 4; lastKnownFileType = text.json; path = data.json; sourceTree = "<group>"; };
		5682F176281B575A00ACD35B /* NavigationController.swift */ = {isa = PBXFileReference; lastKnownFileType = sourcecode.swift; path = NavigationController.swift; sourceTree = "<group>"; };
		5682F17D281B5D3500ACD35B /* Team.swift */ = {isa = PBXFileReference; lastKnownFileType = sourcecode.swift; path = Team.swift; sourceTree = "<group>"; };
		5682F17F281B5E3600ACD35B /* Match.swift */ = {isa = PBXFileReference; lastKnownFileType = sourcecode.swift; path = Match.swift; sourceTree = "<group>"; };
		568DC4152829E37D00D1AB9A /* Navigation.swift */ = {isa = PBXFileReference; lastKnownFileType = sourcecode.swift; path = Navigation.swift; sourceTree = "<group>"; };
		568FD23D281A252100DE3E55 /* PencaObl.app */ = {isa = PBXFileReference; explicitFileType = wrapper.application; includeInIndex = 0; path = PencaObl.app; sourceTree = BUILT_PRODUCTS_DIR; };
		568FD240281A252100DE3E55 /* AppDelegate.swift */ = {isa = PBXFileReference; lastKnownFileType = sourcecode.swift; path = AppDelegate.swift; sourceTree = "<group>"; };
		568FD242281A252100DE3E55 /* SceneDelegate.swift */ = {isa = PBXFileReference; lastKnownFileType = sourcecode.swift; path = SceneDelegate.swift; sourceTree = "<group>"; };
		568FD244281A252100DE3E55 /* MainViewController.swift */ = {isa = PBXFileReference; lastKnownFileType = sourcecode.swift; path = MainViewController.swift; sourceTree = "<group>"; };
		568FD247281A252100DE3E55 /* Base */ = {isa = PBXFileReference; lastKnownFileType = file.storyboard; name = Base; path = Base.lproj/Main.storyboard; sourceTree = "<group>"; };
		568FD249281A252300DE3E55 /* Assets.xcassets */ = {isa = PBXFileReference; lastKnownFileType = folder.assetcatalog; path = Assets.xcassets; sourceTree = "<group>"; };
		568FD24C281A252300DE3E55 /* Base */ = {isa = PBXFileReference; lastKnownFileType = file.storyboard; name = Base; path = Base.lproj/LaunchScreen.storyboard; sourceTree = "<group>"; };
		568FD24E281A252300DE3E55 /* Info.plist */ = {isa = PBXFileReference; lastKnownFileType = text.plist.xml; path = Info.plist; sourceTree = "<group>"; };
		56AC84A02824A40B00A43121 /* MatchDetailsViewController.swift */ = {isa = PBXFileReference; lastKnownFileType = sourcecode.swift; path = MatchDetailsViewController.swift; sourceTree = "<group>"; };
		56EB813D28271BB2009BCC5A /* MatchLogTableViewCell.swift */ = {isa = PBXFileReference; lastKnownFileType = sourcecode.swift; path = MatchLogTableViewCell.swift; sourceTree = "<group>"; };
		56EB813E28271BB2009BCC5A /* MatchLogTableViewCell.xib */ = {isa = PBXFileReference; lastKnownFileType = file.xib; path = MatchLogTableViewCell.xib; sourceTree = "<group>"; };
		56EB814128272A86009BCC5A /* NavigationBar.swift */ = {isa = PBXFileReference; lastKnownFileType = sourcecode.swift; path = NavigationBar.swift; sourceTree = "<group>"; };
		56EB814328273325009BCC5A /* Visual.swift */ = {isa = PBXFileReference; lastKnownFileType = sourcecode.swift; path = Visual.swift; sourceTree = "<group>"; };
		56EB8149282876DD009BCC5A /* CarouselCollectionViewCell.swift */ = {isa = PBXFileReference; lastKnownFileType = sourcecode.swift; path = CarouselCollectionViewCell.swift; sourceTree = "<group>"; };
		56EB814A282876DD009BCC5A /* CarouselCollectionViewCell.xib */ = {isa = PBXFileReference; lastKnownFileType = file.xib; path = CarouselCollectionViewCell.xib; sourceTree = "<group>"; };
		56EB814D28287A46009BCC5A /* CarouselCollectionView.swift */ = {isa = PBXFileReference; lastKnownFileType = sourcecode.swift; path = CarouselCollectionView.swift; sourceTree = "<group>"; };
		56EB814F2828848F009BCC5A /* LoginViewController.swift */ = {isa = PBXFileReference; lastKnownFileType = sourcecode.swift; path = LoginViewController.swift; sourceTree = "<group>"; };
		56EB81512828849B009BCC5A /* SignupViewController.swift */ = {isa = PBXFileReference; lastKnownFileType = sourcecode.swift; path = SignupViewController.swift; sourceTree = "<group>"; };
/* End PBXFileReference section */

/* Begin PBXFrameworksBuildPhase section */
		568FD23A281A252100DE3E55 /* Frameworks */ = {
			isa = PBXFrameworksBuildPhase;
			buildActionMask = 2147483647;
			files = (
			);
			runOnlyForDeploymentPostprocessing = 0;
		};
/* End PBXFrameworksBuildPhase section */

/* Begin PBXGroup section */
		56740EA728237D7F000FD76D /* Tools */ = {
			isa = PBXGroup;
			children = (
				56740EA828237D8D000FD76D /* Database.swift */,
				568DC4152829E37D00D1AB9A /* Navigation.swift */,
				56EB814328273325009BCC5A /* Visual.swift */,
			);
			path = Tools;
			sourceTree = "<group>";
		};
		5682F17C281B5D1000ACD35B /* Models */ = {
			isa = PBXGroup;
			children = (
				5682F17D281B5D3500ACD35B /* Team.swift */,
				5682F17F281B5E3600ACD35B /* Match.swift */,
			);
			path = Models;
			sourceTree = "<group>";
		};
		568FD234281A252100DE3E55 = {
			isa = PBXGroup;
			children = (
				568FD23F281A252100DE3E55 /* PencaObl */,
				568FD23E281A252100DE3E55 /* Products */,
			);
			sourceTree = "<group>";
		};
		568FD23E281A252100DE3E55 /* Products */ = {
			isa = PBXGroup;
			children = (
				568FD23D281A252100DE3E55 /* PencaObl.app */,
			);
			name = Products;
			sourceTree = "<group>";
		};
		568FD23F281A252100DE3E55 /* PencaObl */ = {
			isa = PBXGroup;
			children = (
				568FD24E281A252300DE3E55 /* Info.plist */,
				568FD240281A252100DE3E55 /* AppDelegate.swift */,
				568FD242281A252100DE3E55 /* SceneDelegate.swift */,
				56740EA728237D7F000FD76D /* Tools */,
				5682F17C281B5D1000ACD35B /* Models */,
				56ABA7942829DE9400BC85D3 /* Controllers */,
				56ABA7932829DE6A00BC85D3 /* Nibs */,
				56ABA7952829DEB100BC85D3 /* Views */,
				56ABA7962829DECE00BC85D3 /* Resources */,
			);
			path = PencaObl;
			sourceTree = "<group>";
		};
		56ABA7932829DE6A00BC85D3 /* Nibs */ = {
			isa = PBXGroup;
			children = (
				56EB814A282876DD009BCC5A /* CarouselCollectionViewCell.xib */,
				568FD246281A252100DE3E55 /* Main.storyboard */,
				56EB813E28271BB2009BCC5A /* MatchLogTableViewCell.xib */,
				56740EA428236CCE000FD76D /* MatchTableViewCell.xib */,
				568FD24B281A252300DE3E55 /* LaunchScreen.storyboard */,
			);
			path = Nibs;
			sourceTree = "<group>";
		};
		56ABA7942829DE9400BC85D3 /* Controllers */ = {
			isa = PBXGroup;
			children = (
				568FD244281A252100DE3E55 /* MainViewController.swift */,
				56EB814F2828848F009BCC5A /* LoginViewController.swift */,
				56AC84A02824A40B00A43121 /* MatchDetailsViewController.swift */,
				56EB81512828849B009BCC5A /* SignupViewController.swift */,
				5682F176281B575A00ACD35B /* NavigationController.swift */,
			);
			path = Controllers;
			sourceTree = "<group>";
		};
		56ABA7952829DEB100BC85D3 /* Views */ = {
			isa = PBXGroup;
			children = (
				56EB8149282876DD009BCC5A /* CarouselCollectionViewCell.swift */,
				56EB814D28287A46009BCC5A /* CarouselCollectionView.swift */,
				56EB813D28271BB2009BCC5A /* MatchLogTableViewCell.swift */,
				56740EA328236CCE000FD76D /* MatchTableViewCell.swift */,
				56EB814128272A86009BCC5A /* NavigationBar.swift */,
			);
			path = Views;
			sourceTree = "<group>";
		};
		56ABA7962829DECE00BC85D3 /* Resources */ = {
			isa = PBXGroup;
			children = (
				56740EAA282383CC000FD76D /* data.json */,
				568FD249281A252300DE3E55 /* Assets.xcassets */,
			);
			path = Resources;
			sourceTree = "<group>";
		};
/* End PBXGroup section */

/* Begin PBXNativeTarget section */
		568FD23C281A252100DE3E55 /* PencaObl */ = {
			isa = PBXNativeTarget;
			buildConfigurationList = 568FD251281A252300DE3E55 /* Build configuration list for PBXNativeTarget "PencaObl" */;
			buildPhases = (
				568FD239281A252100DE3E55 /* Sources */,
				568FD23A281A252100DE3E55 /* Frameworks */,
				568FD23B281A252100DE3E55 /* Resources */,
			);
			buildRules = (
			);
			dependencies = (
			);
			name = PencaObl;
			productName = PencaObl;
			productReference = 568FD23D281A252100DE3E55 /* PencaObl.app */;
			productType = "com.apple.product-type.application";
		};
/* End PBXNativeTarget section */

/* Begin PBXProject section */
		568FD235281A252100DE3E55 /* Project object */ = {
			isa = PBXProject;
			attributes = {
				BuildIndependentTargetsInParallel = 1;
				LastSwiftUpdateCheck = 1330;
				LastUpgradeCheck = 1330;
				TargetAttributes = {
					568FD23C281A252100DE3E55 = {
						CreatedOnToolsVersion = 13.3.1;
					};
				};
			};
			buildConfigurationList = 568FD238281A252100DE3E55 /* Build configuration list for PBXProject "PencaObl" */;
			compatibilityVersion = "Xcode 13.0";
			developmentRegion = en;
			hasScannedForEncodings = 0;
			knownRegions = (
				en,
				Base,
			);
			mainGroup = 568FD234281A252100DE3E55;
			productRefGroup = 568FD23E281A252100DE3E55 /* Products */;
			projectDirPath = "";
			projectRoot = "";
			targets = (
				568FD23C281A252100DE3E55 /* PencaObl */,
			);
		};
/* End PBXProject section */

/* Begin PBXResourcesBuildPhase section */
		568FD23B281A252100DE3E55 /* Resources */ = {
			isa = PBXResourcesBuildPhase;
			buildActionMask = 2147483647;
			files = (
				56EB814028271BB2009BCC5A /* MatchLogTableViewCell.xib in Resources */,
				568FD24D281A252300DE3E55 /* LaunchScreen.storyboard in Resources */,
				56740EAB282383CC000FD76D /* data.json in Resources */,
				568FD24A281A252300DE3E55 /* Assets.xcassets in Resources */,
				568FD248281A252100DE3E55 /* Main.storyboard in Resources */,
				56EB814C282876DD009BCC5A /* CarouselCollectionViewCell.xib in Resources */,
				56740EA628236CCE000FD76D /* MatchTableViewCell.xib in Resources */,
			);
			runOnlyForDeploymentPostprocessing = 0;
		};
/* End PBXResourcesBuildPhase section */

/* Begin PBXSourcesBuildPhase section */
		568FD239281A252100DE3E55 /* Sources */ = {
			isa = PBXSourcesBuildPhase;
			buildActionMask = 2147483647;
			files = (
				568FD245281A252100DE3E55 /* MainViewController.swift in Sources */,
				5682F17E281B5D3500ACD35B /* Team.swift in Sources */,
				56EB814E28287A46009BCC5A /* CarouselCollectionView.swift in Sources */,
				56EB81502828848F009BCC5A /* LoginViewController.swift in Sources */,
				56EB813F28271BB2009BCC5A /* MatchLogTableViewCell.swift in Sources */,
				568FD241281A252100DE3E55 /* AppDelegate.swift in Sources */,
				56740EA528236CCE000FD76D /* MatchTableViewCell.swift in Sources */,
				56EB814228272A86009BCC5A /* NavigationBar.swift in Sources */,
				568DC4162829E37D00D1AB9A /* Navigation.swift in Sources */,
				5682F177281B575A00ACD35B /* NavigationController.swift in Sources */,
				56EB814428273325009BCC5A /* Visual.swift in Sources */,
				56EB81522828849B009BCC5A /* SignupViewController.swift in Sources */,
				56AC84A12824A40B00A43121 /* MatchDetailsViewController.swift in Sources */,
				568FD243281A252100DE3E55 /* SceneDelegate.swift in Sources */,
				56740EA928237D8D000FD76D /* Database.swift in Sources */,
				5682F180281B5E3600ACD35B /* Match.swift in Sources */,
				56EB814B282876DD009BCC5A /* CarouselCollectionViewCell.swift in Sources */,
			);
			runOnlyForDeploymentPostprocessing = 0;
		};
/* End PBXSourcesBuildPhase section */

/* Begin PBXVariantGroup section */
		568FD246281A252100DE3E55 /* Main.storyboard */ = {
			isa = PBXVariantGroup;
			children = (
				568FD247281A252100DE3E55 /* Base */,
			);
			name = Main.storyboard;
			sourceTree = "<group>";
		};
		568FD24B281A252300DE3E55 /* LaunchScreen.storyboard */ = {
			isa = PBXVariantGroup;
			children = (
				568FD24C281A252300DE3E55 /* Base */,
			);
			name = LaunchScreen.storyboard;
			sourceTree = "<group>";
		};
/* End PBXVariantGroup section */

/* Begin XCBuildConfiguration section */
		568FD24F281A252300DE3E55 /* Debug */ = {
			isa = XCBuildConfiguration;
			buildSettings = {
				ALWAYS_SEARCH_USER_PATHS = NO;
				CLANG_ANALYZER_NONNULL = YES;
				CLANG_ANALYZER_NUMBER_OBJECT_CONVERSION = YES_AGGRESSIVE;
				CLANG_CXX_LANGUAGE_STANDARD = "gnu++17";
				CLANG_ENABLE_MODULES = YES;
				CLANG_ENABLE_OBJC_ARC = YES;
				CLANG_ENABLE_OBJC_WEAK = YES;
				CLANG_WARN_BLOCK_CAPTURE_AUTORELEASING = YES;
				CLANG_WARN_BOOL_CONVERSION = YES;
				CLANG_WARN_COMMA = YES;
				CLANG_WARN_CONSTANT_CONVERSION = YES;
				CLANG_WARN_DEPRECATED_OBJC_IMPLEMENTATIONS = YES;
				CLANG_WARN_DIRECT_OBJC_ISA_USAGE = YES_ERROR;
				CLANG_WARN_DOCUMENTATION_COMMENTS = YES;
				CLANG_WARN_EMPTY_BODY = YES;
				CLANG_WARN_ENUM_CONVERSION = YES;
				CLANG_WARN_INFINITE_RECURSION = YES;
				CLANG_WARN_INT_CONVERSION = YES;
				CLANG_WARN_NON_LITERAL_NULL_CONVERSION = YES;
				CLANG_WARN_OBJC_IMPLICIT_RETAIN_SELF = YES;
				CLANG_WARN_OBJC_LITERAL_CONVERSION = YES;
				CLANG_WARN_OBJC_ROOT_CLASS = YES_ERROR;
				CLANG_WARN_QUOTED_INCLUDE_IN_FRAMEWORK_HEADER = YES;
				CLANG_WARN_RANGE_LOOP_ANALYSIS = YES;
				CLANG_WARN_STRICT_PROTOTYPES = YES;
				CLANG_WARN_SUSPICIOUS_MOVE = YES;
				CLANG_WARN_UNGUARDED_AVAILABILITY = YES_AGGRESSIVE;
				CLANG_WARN_UNREACHABLE_CODE = YES;
				CLANG_WARN__DUPLICATE_METHOD_MATCH = YES;
				COPY_PHASE_STRIP = NO;
				DEBUG_INFORMATION_FORMAT = dwarf;
				ENABLE_STRICT_OBJC_MSGSEND = YES;
				ENABLE_TESTABILITY = YES;
				GCC_C_LANGUAGE_STANDARD = gnu11;
				GCC_DYNAMIC_NO_PIC = NO;
				GCC_NO_COMMON_BLOCKS = YES;
				GCC_OPTIMIZATION_LEVEL = 0;
				GCC_PREPROCESSOR_DEFINITIONS = (
					"DEBUG=1",
					"$(inherited)",
				);
				GCC_WARN_64_TO_32_BIT_CONVERSION = YES;
				GCC_WARN_ABOUT_RETURN_TYPE = YES_ERROR;
				GCC_WARN_UNDECLARED_SELECTOR = YES;
				GCC_WARN_UNINITIALIZED_AUTOS = YES_AGGRESSIVE;
				GCC_WARN_UNUSED_FUNCTION = YES;
				GCC_WARN_UNUSED_VARIABLE = YES;
				IPHONEOS_DEPLOYMENT_TARGET = 15.4;
				MTL_ENABLE_DEBUG_INFO = INCLUDE_SOURCE;
				MTL_FAST_MATH = YES;
				ONLY_ACTIVE_ARCH = YES;
				SDKROOT = iphoneos;
				SWIFT_ACTIVE_COMPILATION_CONDITIONS = DEBUG;
				SWIFT_OPTIMIZATION_LEVEL = "-Onone";
			};
			name = Debug;
		};
		568FD250281A252300DE3E55 /* Release */ = {
			isa = XCBuildConfiguration;
			buildSettings = {
				ALWAYS_SEARCH_USER_PATHS = NO;
				CLANG_ANALYZER_NONNULL = YES;
				CLANG_ANALYZER_NUMBER_OBJECT_CONVERSION = YES_AGGRESSIVE;
				CLANG_CXX_LANGUAGE_STANDARD = "gnu++17";
				CLANG_ENABLE_MODULES = YES;
				CLANG_ENABLE_OBJC_ARC = YES;
				CLANG_ENABLE_OBJC_WEAK = YES;
				CLANG_WARN_BLOCK_CAPTURE_AUTORELEASING = YES;
				CLANG_WARN_BOOL_CONVERSION = YES;
				CLANG_WARN_COMMA = YES;
				CLANG_WARN_CONSTANT_CONVERSION = YES;
				CLANG_WARN_DEPRECATED_OBJC_IMPLEMENTATIONS = YES;
				CLANG_WARN_DIRECT_OBJC_ISA_USAGE = YES_ERROR;
				CLANG_WARN_DOCUMENTATION_COMMENTS = YES;
				CLANG_WARN_EMPTY_BODY = YES;
				CLANG_WARN_ENUM_CONVERSION = YES;
				CLANG_WARN_INFINITE_RECURSION = YES;
				CLANG_WARN_INT_CONVERSION = YES;
				CLANG_WARN_NON_LITERAL_NULL_CONVERSION = YES;
				CLANG_WARN_OBJC_IMPLICIT_RETAIN_SELF = YES;
				CLANG_WARN_OBJC_LITERAL_CONVERSION = YES;
				CLANG_WARN_OBJC_ROOT_CLASS = YES_ERROR;
				CLANG_WARN_QUOTED_INCLUDE_IN_FRAMEWORK_HEADER = YES;
				CLANG_WARN_RANGE_LOOP_ANALYSIS = YES;
				CLANG_WARN_STRICT_PROTOTYPES = YES;
				CLANG_WARN_SUSPICIOUS_MOVE = YES;
				CLANG_WARN_UNGUARDED_AVAILABILITY = YES_AGGRESSIVE;
				CLANG_WARN_UNREACHABLE_CODE = YES;
				CLANG_WARN__DUPLICATE_METHOD_MATCH = YES;
				COPY_PHASE_STRIP = NO;
				DEBUG_INFORMATION_FORMAT = "dwarf-with-dsym";
				ENABLE_NS_ASSERTIONS = NO;
				ENABLE_STRICT_OBJC_MSGSEND = YES;
				GCC_C_LANGUAGE_STANDARD = gnu11;
				GCC_NO_COMMON_BLOCKS = YES;
				GCC_WARN_64_TO_32_BIT_CONVERSION = YES;
				GCC_WARN_ABOUT_RETURN_TYPE = YES_ERROR;
				GCC_WARN_UNDECLARED_SELECTOR = YES;
				GCC_WARN_UNINITIALIZED_AUTOS = YES_AGGRESSIVE;
				GCC_WARN_UNUSED_FUNCTION = YES;
				GCC_WARN_UNUSED_VARIABLE = YES;
				IPHONEOS_DEPLOYMENT_TARGET = 15.4;
				MTL_ENABLE_DEBUG_INFO = NO;
				MTL_FAST_MATH = YES;
				SDKROOT = iphoneos;
				SWIFT_COMPILATION_MODE = wholemodule;
				SWIFT_OPTIMIZATION_LEVEL = "-O";
				VALIDATE_PRODUCT = YES;
			};
			name = Release;
		};
		568FD252281A252300DE3E55 /* Debug */ = {
			isa = XCBuildConfiguration;
			buildSettings = {
				ASSETCATALOG_COMPILER_APPICON_NAME = AppIcon;
				ASSETCATALOG_COMPILER_GLOBAL_ACCENT_COLOR_NAME = AccentColor;
				CODE_SIGN_STYLE = Automatic;
				CURRENT_PROJECT_VERSION = 1;
				GENERATE_INFOPLIST_FILE = YES;
				INFOPLIST_FILE = PencaObl/Info.plist;
				INFOPLIST_KEY_UIApplicationSupportsIndirectInputEvents = YES;
				INFOPLIST_KEY_UILaunchStoryboardName = LaunchScreen;
				INFOPLIST_KEY_UIMainStoryboardFile = Main;
				INFOPLIST_KEY_UISupportedInterfaceOrientations_iPad = "UIInterfaceOrientationPortrait UIInterfaceOrientationPortraitUpsideDown UIInterfaceOrientationLandscapeLeft UIInterfaceOrientationLandscapeRight";
				INFOPLIST_KEY_UISupportedInterfaceOrientations_iPhone = "UIInterfaceOrientationPortrait UIInterfaceOrientationLandscapeLeft UIInterfaceOrientationLandscapeRight";
				LD_RUNPATH_SEARCH_PATHS = (
					"$(inherited)",
					"@executable_path/Frameworks",
				);
				MARKETING_VERSION = 1.0;
				PRODUCT_BUNDLE_IDENTIFIER = com.juanfkurucz.PencaObl;
				PRODUCT_NAME = "$(TARGET_NAME)";
				SWIFT_EMIT_LOC_STRINGS = YES;
				SWIFT_VERSION = 5.0;
				TARGETED_DEVICE_FAMILY = "1,2";
			};
			name = Debug;
		};
		568FD253281A252300DE3E55 /* Release */ = {
			isa = XCBuildConfiguration;
			buildSettings = {
				ASSETCATALOG_COMPILER_APPICON_NAME = AppIcon;
				ASSETCATALOG_COMPILER_GLOBAL_ACCENT_COLOR_NAME = AccentColor;
				CODE_SIGN_STYLE = Automatic;
				CURRENT_PROJECT_VERSION = 1;
				GENERATE_INFOPLIST_FILE = YES;
				INFOPLIST_FILE = PencaObl/Info.plist;
				INFOPLIST_KEY_UIApplicationSupportsIndirectInputEvents = YES;
				INFOPLIST_KEY_UILaunchStoryboardName = LaunchScreen;
				INFOPLIST_KEY_UIMainStoryboardFile = Main;
				INFOPLIST_KEY_UISupportedInterfaceOrientations_iPad = "UIInterfaceOrientationPortrait UIInterfaceOrientationPortraitUpsideDown UIInterfaceOrientationLandscapeLeft UIInterfaceOrientationLandscapeRight";
				INFOPLIST_KEY_UISupportedInterfaceOrientations_iPhone = "UIInterfaceOrientationPortrait UIInterfaceOrientationLandscapeLeft UIInterfaceOrientationLandscapeRight";
				LD_RUNPATH_SEARCH_PATHS = (
					"$(inherited)",
					"@executable_path/Frameworks",
				);
				MARKETING_VERSION = 1.0;
				PRODUCT_BUNDLE_IDENTIFIER = com.juanfkurucz.PencaObl;
				PRODUCT_NAME = "$(TARGET_NAME)";
				SWIFT_EMIT_LOC_STRINGS = YES;
				SWIFT_VERSION = 5.0;
				TARGETED_DEVICE_FAMILY = "1,2";
			};
			name = Release;
		};
/* End XCBuildConfiguration section */

/* Begin XCConfigurationList section */
		568FD238281A252100DE3E55 /* Build configuration list for PBXProject "PencaObl" */ = {
			isa = XCConfigurationList;
			buildConfigurations = (
				568FD24F281A252300DE3E55 /* Debug */,
				568FD250281A252300DE3E55 /* Release */,
			);
			defaultConfigurationIsVisible = 0;
			defaultConfigurationName = Release;
		};
		568FD251281A252300DE3E55 /* Build configuration list for PBXNativeTarget "PencaObl" */ = {
			isa = XCConfigurationList;
			buildConfigurations = (
				568FD252281A252300DE3E55 /* Debug */,
				568FD253281A252300DE3E55 /* Release */,
			);
			defaultConfigurationIsVisible = 0;
			defaultConfigurationName = Release;
		};
/* End XCConfigurationList section */
	};
	rootObject = 568FD235281A252100DE3E55 /* Project object */;
}
